{
    "_meta": {
        "hash": {
            "sha256": "1d2a4a8d5dd0f475208ea9a7a30362ebed73995c74eac1a65d71d5cc858332a2"
        },
        "pipfile-spec": 6,
        "requires": {
            "python_full_version": "3.8.16",
            "python_version": "3.8"
        },
        "sources": [
            {
                "name": "pypi",
                "url": "https://pypi.org/simple",
                "verify_ssl": true
            }
        ]
    },
    "default": {
        "django": {
            "hashes": [
                "sha256:25df265e1fdb74f7e7305a1de620a84681bcc9c05e84a3ed97e4a1a63024f18d",
                "sha256:d6d94554abc82ca37e447c3d28958f5ac39bd7d4adaa285543ae97fb1129fd69"
            ],
            "index": "pypi",
            "markers": "python_version >= '3.4'",
            "version": "==2.0.9"
        },
        "pytz": {
            "hashes": [
                "sha256:2a29735ea9c18baf14b448846bde5a48030ed267578472d8955cd0e7443a9812",
                "sha256:328171f4e3623139da4983451950b28e95ac706e13f3f2630a879749e7a8b319"
            ],
            "version": "==2024.1"
        }
    },
    "develop": {}
}
